
Microsoft Visual Studio Solution File, Format Version 12.00
# Visual Studio 15
VisualStudioVersion = 15.0.27703.2047
MinimumVisualStudioVersion = 10.0.40219.1
Project("{FAE04EC0-301F-11D3-BF4B-00C04F79EFBC}") = "SimpleReport", "SimpleReport\SimpleReport.csproj", "{922FCA31-5DB3-4C4D-88DE-C8B92D0332C1}"
EndProject
Project("{FAE04EC0-301F-11D3-BF4B-00C04F79EFBC}") = "SimpleReport.Model", "SimpleReport.Model\SimpleReport.Model.csproj", "{3CD9BB70-B04E-4C03-B9D3-803A449EFFDC}"
EndProject
Project("{FAE04EC0-301F-11D3-BF4B-00C04F79EFBC}") = "SimpleReport.SubscriptionService", "SimpleReport.SubscriptionService\SimpleReport.SubscriptionService.csproj", "{DE3287A9-5576-4F4D-AE1A-477ED5451BF9}"
EndProject
Project("{FAE04EC0-301F-11D3-BF4B-00C04F79EFBC}") = "SimpleReportTests", "SimpleReportTests\SimpleReportTests.csproj", "{F0B8AF40-0857-495A-BD1C-FEB2DD817C62}"
EndProject
Global
	GlobalSection(SolutionConfigurationPlatforms) = preSolution
		Debug|Any CPU = Debug|Any CPU
		Release|Any CPU = Release|Any CPU
	EndGlobalSection
	GlobalSection(ProjectConfigurationPlatforms) = postSolution
		{922FCA31-5DB3-4C4D-88DE-C8B92D0332C1}.Debug|Any CPU.ActiveCfg = Debug|Any CPU
		{922FCA31-5DB3-4C4D-88DE-C8B92D0332C1}.Debug|Any CPU.Build.0 = Debug|Any CPU
		{922FCA31-5DB3-4C4D-88DE-C8B92D0332C1}.Release|Any CPU.ActiveCfg = Release|Any CPU
		{922FCA31-5DB3-4C4D-88DE-C8B92D0332C1}.Release|Any CPU.Build.0 = Release|Any CPU
		{3CD9BB70-B04E-4C03-B9D3-803A449EFFDC}.Debug|Any CPU.ActiveCfg = Debug|Any CPU
		{3CD9BB70-B04E-4C03-B9D3-803A449EFFDC}.Debug|Any CPU.Build.0 = Debug|Any CPU
		{3CD9BB70-B04E-4C03-B9D3-803A449EFFDC}.Release|Any CPU.ActiveCfg = Release|Any CPU
		{3CD9BB70-B04E-4C03-B9D3-803A449EFFDC}.Release|Any CPU.Build.0 = Release|Any CPU
		{DE3287A9-5576-4F4D-AE1A-477ED5451BF9}.Debug|Any CPU.ActiveCfg = Debug|Any CPU
		{DE3287A9-5576-4F4D-AE1A-477ED5451BF9}.Debug|Any CPU.Build.0 = Debug|Any CPU
		{DE3287A9-5576-4F4D-AE1A-477ED5451BF9}.Release|Any CPU.ActiveCfg = Release|Any CPU
		{DE3287A9-5576-4F4D-AE1A-477ED5451BF9}.Release|Any CPU.Build.0 = Release|Any CPU
		{F0B8AF40-0857-495A-BD1C-FEB2DD817C62}.Debug|Any CPU.ActiveCfg = Debug|Any CPU
		{F0B8AF40-0857-495A-BD1C-FEB2DD817C62}.Debug|Any CPU.Build.0 = Debug|Any CPU
		{F0B8AF40-0857-495A-BD1C-FEB2DD817C62}.Release|Any CPU.ActiveCfg = Release|Any CPU
		{F0B8AF40-0857-495A-BD1C-FEB2DD817C62}.Release|Any CPU.Build.0 = Release|Any CPU
	EndGlobalSection
	GlobalSection(SolutionProperties) = preSolution
		HideSolutionNode = FALSE
	EndGlobalSection
	GlobalSection(ExtensibilityGlobals) = postSolution
		SolutionGuid = {DF7C6AC8-FACB-40E9-8A96-418D4AFBB8BF}
	EndGlobalSection
EndGlobal
